PODS:
  - Masonry (1.1.0)
  - XNCountdown (0.1.3):
    - Masonry
    - XNUtils
  - XNUtils (0.1.12)

DEPENDENCIES:
  - XNCountdown (from `../`)

SPEC REPOS:
  https://github.com/cocoapods/specs.git:
    - Masonry
    - XNUtils

EXTERNAL SOURCES:
  XNCountdown:
    :path: "../"

SPEC CHECKSUMS:
  Masonry: 678fab65091a9290e40e2832a55e7ab731aad201
  XNCountdown: b5d21519ebf6a08c20ec80b96842e3dd50db9e1c
  XNUtils: 130543f9daf036f637d4d20eb0f98768c7ac9fec

PODFILE CHECKSUM: 2cb72db6cfd8b8e243898659fc552f20efb4bcf7

COCOAPODS: 1.7.1
