// !$*UTF8*$!
{
	archiveVersion = 1;
	classes = {
	};
	objectVersion = 50;
	objects = {

/* Begin PBXBuildFile section */
		3212E39E22B1E6E600A9139A /* AppDelegate.m in Sources */ = {isa = PBXBuildFile; fileRef = 3212E39D22B1E6E600A9139A /* AppDelegate.m */; };
		3212E3A122B1E6E600A9139A /* ViewController.m in Sources */ = {isa = PBXBuildFile; fileRef = 3212E3A022B1E6E600A9139A /* ViewController.m */; };
		3212E3A422B1E6E600A9139A /* Main.storyboard in Resources */ = {isa = PBXBuildFile; fileRef = 3212E3A222B1E6E600A9139A /* Main.storyboard */; };
		3212E3A622B1E6E700A9139A /* Assets.xcassets in Resources */ = {isa = PBXBuildFile; fileRef = 3212E3A522B1E6E700A9139A /* Assets.xcassets */; };
		3212E3A922B1E6E700A9139A /* LaunchScreen.storyboard in Resources */ = {isa = PBXBuildFile; fileRef = 3212E3A722B1E6E700A9139A /* LaunchScreen.storyboard */; };
		3212E3AC22B1E6E700A9139A /* main.m in Sources */ = {isa = PBXBuildFile; fileRef = 3212E3AB22B1E6E700A9139A /* main.m */; };
		3212E40022B2352800A9139A /* XNCountDownView.m in Sources */ = {isa = PBXBuildFile; fileRef = 3212E3FF22B2352800A9139A /* XNCountDownView.m */; };
		D5E845F44CF5B0C3F5CB1E9B /* libPods-CountdownDemo.a in Frameworks */ = {isa = PBXBuildFile; fileRef = D05F5817D189515A8033F2C2 /* libPods-CountdownDemo.a */; };
/* End PBXBuildFile section */

/* Begin PBXFileReference section */
		3212E39922B1E6E600A9139A /* CountdownDemo.app */ = {isa = PBXFileReference; explicitFileType = wrapper.application; includeInIndex = 0; path = CountdownDemo.app; sourceTree = BUILT_PRODUCTS_DIR; };
		3212E39C22B1E6E600A9139A /* AppDelegate.h */ = {isa = PBXFileReference; lastKnownFileType = sourcecode.c.h; path = AppDelegate.h; sourceTree = "<group>"; };
		3212E39D22B1E6E600A9139A /* AppDelegate.m */ = {isa = PBXFileReference; lastKnownFileType = sourcecode.c.objc; path = AppDelegate.m; sourceTree = "<group>"; };
		3212E39F22B1E6E600A9139A /* ViewController.h */ = {isa = PBXFileReference; lastKnownFileType = sourcecode.c.h; path = ViewController.h; sourceTree = "<group>"; };
		3212E3A022B1E6E600A9139A /* ViewController.m */ = {isa = PBXFileReference; lastKnownFileType = sourcecode.c.objc; path = ViewController.m; sourceTree = "<group>"; };
		3212E3A322B1E6E600A9139A /* Base */ = {isa = PBXFileReference; lastKnownFileType = file.storyboard; name = Base; path = Base.lproj/Main.storyboard; sourceTree = "<group>"; };
		3212E3A522B1E6E700A9139A /* Assets.xcassets */ = {isa = PBXFileReference; lastKnownFileType = folder.assetcatalog; path = Assets.xcassets; sourceTree = "<group>"; };
		3212E3A822B1E6E700A9139A /* Base */ = {isa = PBXFileReference; lastKnownFileType = file.storyboard; name = Base; path = Base.lproj/LaunchScreen.storyboard; sourceTree = "<group>"; };
		3212E3AA22B1E6E700A9139A /* Info.plist */ = {isa = PBXFileReference; lastKnownFileType = text.plist.xml; path = Info.plist; sourceTree = "<group>"; };
		3212E3AB22B1E6E700A9139A /* main.m */ = {isa = PBXFileReference; lastKnownFileType = sourcecode.c.objc; path = main.m; sourceTree = "<group>"; };
		3212E3FD22B233A000A9139A /* PrefixHeader.pch */ = {isa = PBXFileReference; lastKnownFileType = sourcecode.c.h; path = PrefixHeader.pch; sourceTree = "<group>"; };
		3212E3FE22B2352800A9139A /* XNCountDownView.h */ = {isa = PBXFileReference; lastKnownFileType = sourcecode.c.h; path = XNCountDownView.h; sourceTree = "<group>"; };
		3212E3FF22B2352800A9139A /* XNCountDownView.m */ = {isa = PBXFileReference; lastKnownFileType = sourcecode.c.objc; path = XNCountDownView.m; sourceTree = "<group>"; };
		4C4455B5BF8C5BD7C3D3036A /* Pods-CountdownDemo.debug.xcconfig */ = {isa = PBXFileReference; includeInIndex = 1; lastKnownFileType = text.xcconfig; name = "Pods-CountdownDemo.debug.xcconfig"; path = "Target Support Files/Pods-CountdownDemo/Pods-CountdownDemo.debug.xcconfig"; sourceTree = "<group>"; };
		96E86F0C469C9176BF06974A /* Pods-CountdownDemo.release.xcconfig */ = {isa = PBXFileReference; includeInIndex = 1; lastKnownFileType = text.xcconfig; name = "Pods-CountdownDemo.release.xcconfig"; path = "Target Support Files/Pods-CountdownDemo/Pods-CountdownDemo.release.xcconfig"; sourceTree = "<group>"; };
		D05F5817D189515A8033F2C2 /* libPods-CountdownDemo.a */ = {isa = PBXFileReference; explicitFileType = archive.ar; includeInIndex = 0; path = "libPods-CountdownDemo.a"; sourceTree = BUILT_PRODUCTS_DIR; };
/* End PBXFileReference section */

/* Begin PBXFrameworksBuildPhase section */
		3212E39622B1E6E600A9139A /* Frameworks */ = {
			isa = PBXFrameworksBuildPhase;
			buildActionMask = 2147483647;
			files = (
				D5E845F44CF5B0C3F5CB1E9B /* libPods-CountdownDemo.a in Frameworks */,
			);
			runOnlyForDeploymentPostprocessing = 0;
		};
/* End PBXFrameworksBuildPhase section */

/* Begin PBXGroup section */
		320496A322B3478800AAFD57 /* XNCountDownView */ = {
			isa = PBXGroup;
			children = (
				3212E3FE22B2352800A9139A /* XNCountDownView.h */,
				3212E3FF22B2352800A9139A /* XNCountDownView.m */,
			);
			path = XNCountDownView;
			sourceTree = "<group>";
		};
		3212E39022B1E6E600A9139A = {
			isa = PBXGroup;
			children = (
				3212E39B22B1E6E600A9139A /* CountdownDemo */,
				3212E39A22B1E6E600A9139A /* Products */,
				ECA855DF3E370EC322F5BB23 /* Pods */,
				8B959DB2339BDB4C386A1019 /* Frameworks */,
			);
			sourceTree = "<group>";
		};
		3212E39A22B1E6E600A9139A /* Products */ = {
			isa = PBXGroup;
			children = (
				3212E39922B1E6E600A9139A /* CountdownDemo.app */,
			);
			name = Products;
			sourceTree = "<group>";
		};
		3212E39B22B1E6E600A9139A /* CountdownDemo */ = {
			isa = PBXGroup;
			children = (
				320496A322B3478800AAFD57 /* XNCountDownView */,
				3212E39C22B1E6E600A9139A /* AppDelegate.h */,
				3212E39D22B1E6E600A9139A /* AppDelegate.m */,
				3212E39F22B1E6E600A9139A /* ViewController.h */,
				3212E3A022B1E6E600A9139A /* ViewController.m */,
				3212E3FD22B233A000A9139A /* PrefixHeader.pch */,
				3212E3A222B1E6E600A9139A /* Main.storyboard */,
				3212E3A522B1E6E700A9139A /* Assets.xcassets */,
				3212E3A722B1E6E700A9139A /* LaunchScreen.storyboard */,
				3212E3AA22B1E6E700A9139A /* Info.plist */,
				3212E3AB22B1E6E700A9139A /* main.m */,
			);
			path = CountdownDemo;
			sourceTree = "<group>";
		};
		8B959DB2339BDB4C386A1019 /* Frameworks */ = {
			isa = PBXGroup;
			children = (
				D05F5817D189515A8033F2C2 /* libPods-CountdownDemo.a */,
			);
			name = Frameworks;
			sourceTree = "<group>";
		};
		ECA855DF3E370EC322F5BB23 /* Pods */ = {
			isa = PBXGroup;
			children = (
				4C4455B5BF8C5BD7C3D3036A /* Pods-CountdownDemo.debug.xcconfig */,
				96E86F0C469C9176BF06974A /* Pods-CountdownDemo.release.xcconfig */,
			);
			path = Pods;
			sourceTree = "<group>";
		};
/* End PBXGroup section */

/* Begin PBXNativeTarget section */
		3212E39822B1E6E600A9139A /* CountdownDemo */ = {
			isa = PBXNativeTarget;
			buildConfigurationList = 3212E3AF22B1E6E700A9139A /* Build configuration list for PBXNativeTarget "CountdownDemo" */;
			buildPhases = (
				D6A5DFE4F0AEA3805F2CF618 /* [CP] Check Pods Manifest.lock */,
				3212E39522B1E6E600A9139A /* Sources */,
				3212E39622B1E6E600A9139A /* Frameworks */,
				3212E39722B1E6E600A9139A /* Resources */,
			);
			buildRules = (
			);
			dependencies = (
			);
			name = CountdownDemo;
			productName = CountdownDemo;
			productReference = 3212E39922B1E6E600A9139A /* CountdownDemo.app */;
			productType = "com.apple.product-type.application";
		};
/* End PBXNativeTarget section */

/* Begin PBXProject section */
		3212E39122B1E6E600A9139A /* Project object */ = {
			isa = PBXProject;
			attributes = {
				LastUpgradeCheck = 1020;
				ORGANIZATIONNAME = Luigi;
				TargetAttributes = {
					3212E39822B1E6E600A9139A = {
						CreatedOnToolsVersion = 10.2.1;
					};
				};
			};
			buildConfigurationList = 3212E39422B1E6E600A9139A /* Build configuration list for PBXProject "CountdownDemo" */;
			compatibilityVersion = "Xcode 9.3";
			developmentRegion = en;
			hasScannedForEncodings = 0;
			knownRegions = (
				en,
				Base,
			);
			mainGroup = 3212E39022B1E6E600A9139A;
			productRefGroup = 3212E39A22B1E6E600A9139A /* Products */;
			projectDirPath = "";
			projectRoot = "";
			targets = (
				3212E39822B1E6E600A9139A /* CountdownDemo */,
			);
		};
/* End PBXProject section */

/* Begin PBXResourcesBuildPhase section */
		3212E39722B1E6E600A9139A /* Resources */ = {
			isa = PBXResourcesBuildPhase;
			buildActionMask = 2147483647;
			files = (
				3212E3A922B1E6E700A9139A /* LaunchScreen.storyboard in Resources */,
				3212E3A622B1E6E700A9139A /* Assets.xcassets in Resources */,
				3212E3A422B1E6E600A9139A /* Main.storyboard in Resources */,
			);
			runOnlyForDeploymentPostprocessing = 0;
		};
/* End PBXResourcesBuildPhase section */

/* Begin PBXShellScriptBuildPhase section */
		D6A5DFE4F0AEA3805F2CF618 /* [CP] Check Pods Manifest.lock */ = {
			isa = PBXShellScriptBuildPhase;
			buildActionMask = 2147483647;
			files = (
			);
			inputFileListPaths = (
			);
			inputPaths = (
				"${PODS_PODFILE_DIR_PATH}/Podfile.lock",
				"${PODS_ROOT}/Manifest.lock",
			);
			name = "[CP] Check Pods Manifest.lock";
			outputFileListPaths = (
			);
			outputPaths = (
				"$(DERIVED_FILE_DIR)/Pods-CountdownDemo-checkManifestLockResult.txt",
			);
			runOnlyForDeploymentPostprocessing = 0;
			shellPath = /bin/sh;
			shellScript = "diff \"${PODS_PODFILE_DIR_PATH}/Podfile.lock\" \"${PODS_ROOT}/Manifest.lock\" > /dev/null\nif [ $? != 0 ] ; then\n    # print error to STDERR\n    echo \"error: The sandbox is not in sync with the Podfile.lock. Run 'pod install' or update your CocoaPods installation.\" >&2\n    exit 1\nfi\n# This output is used by Xcode 'outputs' to avoid re-running this script phase.\necho \"SUCCESS\" > \"${SCRIPT_OUTPUT_FILE_0}\"\n";
			showEnvVarsInLog = 0;
		};
/* End PBXShellScriptBuildPhase section */

/* Begin PBXSourcesBuildPhase section */
		3212E39522B1E6E600A9139A /* Sources */ = {
			isa = PBXSourcesBuildPhase;
			buildActionMask = 2147483647;
			files = (
				3212E3A122B1E6E600A9139A /* ViewController.m in Sources */,
				3212E3AC22B1E6E700A9139A /* main.m in Sources */,
				3212E40022B2352800A9139A /* XNCountDownView.m in Sources */,
				3212E39E22B1E6E600A9139A /* AppDelegate.m in Sources */,
			);
			runOnlyForDeploymentPostprocessing = 0;
		};
/* End PBXSourcesBuildPhase section */

/* Begin PBXVariantGroup section */
		3212E3A222B1E6E600A9139A /* Main.storyboard */ = {
			isa = PBXVariantGroup;
			children = (
				3212E3A322B1E6E600A9139A /* Base */,
			);
			name = Main.storyboard;
			sourceTree = "<group>";
		};
		3212E3A722B1E6E700A9139A /* LaunchScreen.storyboard */ = {
			isa = PBXVariantGroup;
			children = (
				3212E3A822B1E6E700A9139A /* Base */,
			);
			name = LaunchScreen.storyboard;
			sourceTree = "<group>";
		};
/* End PBXVariantGroup section */

/* Begin XCBuildConfiguration section */
		3212E3AD22B1E6E700A9139A /* Debug */ = {
			isa = XCBuildConfiguration;
			buildSettings = {
				ALWAYS_SEARCH_USER_PATHS = NO;
				CLANG_ANALYZER_NONNULL = YES;
				CLANG_ANALYZER_NUMBER_OBJECT_CONVERSION = YES_AGGRESSIVE;
				CLANG_CXX_LANGUAGE_STANDARD = "gnu++14";
				CLANG_CXX_LIBRARY = "libc++";
				CLANG_ENABLE_MODULES = YES;
				CLANG_ENABLE_OBJC_ARC = YES;
				CLANG_ENABLE_OBJC_WEAK = YES;
				CLANG_WARN_BLOCK_CAPTURE_AUTORELEASING = YES;
				CLANG_WARN_BOOL_CONVERSION = YES;
				CLANG_WARN_COMMA = YES;
				CLANG_WARN_CONSTANT_CONVERSION = YES;
				CLANG_WARN_DEPRECATED_OBJC_IMPLEMENTATIONS = YES;
				CLANG_WARN_DIRECT_OBJC_ISA_USAGE = YES_ERROR;
				CLANG_WARN_DOCUMENTATION_COMMENTS = YES;
				CLANG_WARN_EMPTY_BODY = YES;
				CLANG_WARN_ENUM_CONVERSION = YES;
				CLANG_WARN_INFINITE_RECURSION = YES;
				CLANG_WARN_INT_CONVERSION = YES;
				CLANG_WARN_NON_LITERAL_NULL_CONVERSION = YES;
				CLANG_WARN_OBJC_IMPLICIT_RETAIN_SELF = YES;
				CLANG_WARN_OBJC_LITERAL_CONVERSION = YES;
				CLANG_WARN_OBJC_ROOT_CLASS = YES_ERROR;
				CLANG_WARN_RANGE_LOOP_ANALYSIS = YES;
				CLANG_WARN_STRICT_PROTOTYPES = YES;
				CLANG_WARN_SUSPICIOUS_MOVE = YES;
				CLANG_WARN_UNGUARDED_AVAILABILITY = YES_AGGRESSIVE;
				CLANG_WARN_UNREACHABLE_CODE = YES;
				CLANG_WARN__DUPLICATE_METHOD_MATCH = YES;
				CODE_SIGN_IDENTITY = "iPhone Developer";
				COPY_PHASE_STRIP = NO;
				DEBUG_INFORMATION_FORMAT = dwarf;
				ENABLE_STRICT_OBJC_MSGSEND = YES;
				ENABLE_TESTABILITY = YES;
				GCC_C_LANGUAGE_STANDARD = gnu11;
				GCC_DYNAMIC_NO_PIC = NO;
				GCC_NO_COMMON_BLOCKS = YES;
				GCC_OPTIMIZATION_LEVEL = 0;
				GCC_PREPROCESSOR_DEFINITIONS = (
					"DEBUG=1",
					"$(inherited)",
				);
				GCC_WARN_64_TO_32_BIT_CONVERSION = YES;
				GCC_WARN_ABOUT_RETURN_TYPE = YES_ERROR;
				GCC_WARN_UNDECLARED_SELECTOR = YES;
				GCC_WARN_UNINITIALIZED_AUTOS = YES_AGGRESSIVE;
				GCC_WARN_UNUSED_FUNCTION = YES;
				GCC_WARN_UNUSED_VARIABLE = YES;
				IPHONEOS_DEPLOYMENT_TARGET = 12.2;
				MTL_ENABLE_DEBUG_INFO = INCLUDE_SOURCE;
				MTL_FAST_MATH = YES;
				ONLY_ACTIVE_ARCH = YES;
				SDKROOT = iphoneos;
			};
			name = Debug;
		};
		3212E3AE22B1E6E700A9139A /* Release */ = {
			isa = XCBuildConfiguration;
			buildSettings = {
				ALWAYS_SEARCH_USER_PATHS = NO;
				CLANG_ANALYZER_NONNULL = YES;
				CLANG_ANALYZER_NUMBER_OBJECT_CONVERSION = YES_AGGRESSIVE;
				CLANG_CXX_LANGUAGE_STANDARD = "gnu++14";
				CLANG_CXX_LIBRARY = "libc++";
				CLANG_ENABLE_MODULES = YES;
				CLANG_ENABLE_OBJC_ARC = YES;
				CLANG_ENABLE_OBJC_WEAK = YES;
				CLANG_WARN_BLOCK_CAPTURE_AUTORELEASING = YES;
				CLANG_WARN_BOOL_CONVERSION = YES;
				CLANG_WARN_COMMA = YES;
				CLANG_WARN_CONSTANT_CONVERSION = YES;
				CLANG_WARN_DEPRECATED_OBJC_IMPLEMENTATIONS = YES;
				CLANG_WARN_DIRECT_OBJC_ISA_USAGE = YES_ERROR;
				CLANG_WARN_DOCUMENTATION_COMMENTS = YES;
				CLANG_WARN_EMPTY_BODY = YES;
				CLANG_WARN_ENUM_CONVERSION = YES;
				CLANG_WARN_INFINITE_RECURSION = YES;
				CLANG_WARN_INT_CONVERSION = YES;
				CLANG_WARN_NON_LITERAL_NULL_CONVERSION = YES;
				CLANG_WARN_OBJC_IMPLICIT_RETAIN_SELF = YES;
				CLANG_WARN_OBJC_LITERAL_CONVERSION = YES;
				CLANG_WARN_OBJC_ROOT_CLASS = YES_ERROR;
				CLANG_WARN_RANGE_LOOP_ANALYSIS = YES;
				CLANG_WARN_STRICT_PROTOTYPES = YES;
				CLANG_WARN_SUSPICIOUS_MOVE = YES;
				CLANG_WARN_UNGUARDED_AVAILABILITY = YES_AGGRESSIVE;
				CLANG_WARN_UNREACHABLE_CODE = YES;
				CLANG_WARN__DUPLICATE_METHOD_MATCH = YES;
				CODE_SIGN_IDENTITY = "iPhone Developer";
				COPY_PHASE_STRIP = NO;
				DEBUG_INFORMATION_FORMAT = "dwarf-with-dsym";
				ENABLE_NS_ASSERTIONS = NO;
				ENABLE_STRICT_OBJC_MSGSEND = YES;
				GCC_C_LANGUAGE_STANDARD = gnu11;
				GCC_NO_COMMON_BLOCKS = YES;
				GCC_WARN_64_TO_32_BIT_CONVERSION = YES;
				GCC_WARN_ABOUT_RETURN_TYPE = YES_ERROR;
				GCC_WARN_UNDECLARED_SELECTOR = YES;
				GCC_WARN_UNINITIALIZED_AUTOS = YES_AGGRESSIVE;
				GCC_WARN_UNUSED_FUNCTION = YES;
				GCC_WARN_UNUSED_VARIABLE = YES;
				IPHONEOS_DEPLOYMENT_TARGET = 12.2;
				MTL_ENABLE_DEBUG_INFO = NO;
				MTL_FAST_MATH = YES;
				SDKROOT = iphoneos;
				VALIDATE_PRODUCT = YES;
			};
			name = Release;
		};
		3212E3B022B1E6E700A9139A /* Debug */ = {
			isa = XCBuildConfiguration;
			baseConfigurationReference = 4C4455B5BF8C5BD7C3D3036A /* Pods-CountdownDemo.debug.xcconfig */;
			buildSettings = {
				ASSETCATALOG_COMPILER_APPICON_NAME = AppIcon;
				CODE_SIGN_STYLE = Automatic;
				DEVELOPMENT_TEAM = JYYMT6B5Q2;
				GCC_PREFIX_HEADER = "${SRCROOT}/CountdownDemo/PrefixHeader.pch";
				INFOPLIST_FILE = CountdownDemo/Info.plist;
				LD_RUNPATH_SEARCH_PATHS = (
					"$(inherited)",
					"@executable_path/Frameworks",
				);
				PRODUCT_BUNDLE_IDENTIFIER = com.Luigi.CountdownDemo;
				PRODUCT_NAME = "$(TARGET_NAME)";
				TARGETED_DEVICE_FAMILY = "1,2";
			};
			name = Debug;
		};
		3212E3B122B1E6E700A9139A /* Release */ = {
			isa = XCBuildConfiguration;
			baseConfigurationReference = 96E86F0C469C9176BF06974A /* Pods-CountdownDemo.release.xcconfig */;
			buildSettings = {
				ASSETCATALOG_COMPILER_APPICON_NAME = AppIcon;
				CODE_SIGN_STYLE = Automatic;
				DEVELOPMENT_TEAM = JYYMT6B5Q2;
				GCC_PREFIX_HEADER = "${SRCROOT}/CountdownDemo/PrefixHeader.pch";
				INFOPLIST_FILE = CountdownDemo/Info.plist;
				LD_RUNPATH_SEARCH_PATHS = (
					"$(inherited)",
					"@executable_path/Frameworks",
				);
				PRODUCT_BUNDLE_IDENTIFIER = com.Luigi.CountdownDemo;
				PRODUCT_NAME = "$(TARGET_NAME)";
				TARGETED_DEVICE_FAMILY = "1,2";
			};
			name = Release;
		};
/* End XCBuildConfiguration section */

/* Begin XCConfigurationList section */
		3212E39422B1E6E600A9139A /* Build configuration list for PBXProject "CountdownDemo" */ = {
			isa = XCConfigurationList;
			buildConfigurations = (
				3212E3AD22B1E6E700A9139A /* Debug */,
				3212E3AE22B1E6E700A9139A /* Release */,
			);
			defaultConfigurationIsVisible = 0;
			defaultConfigurationName = Release;
		};
		3212E3AF22B1E6E700A9139A /* Build configuration list for PBXNativeTarget "CountdownDemo" */ = {
			isa = XCConfigurationList;
			buildConfigurations = (
				3212E3B022B1E6E700A9139A /* Debug */,
				3212E3B122B1E6E700A9139A /* Release */,
			);
			defaultConfigurationIsVisible = 0;
			defaultConfigurationName = Release;
		};
/* End XCConfigurationList section */
	};
	rootObject = 3212E39122B1E6E600A9139A /* Project object */;
}
